
Microsoft Visual Studio Solution File, Format Version 12.00
Project("{2150E333-8FDC-42A3-9474-1A3956D46DE8}") = "Solution Files", "Solution Files", "{E2B6AF70-7C82-4DCF-ABD7-64FD365BC4F4}"
	ProjectSection(SolutionItems) = preProject
		.editorconfig = .editorconfig
		.gitignore = .gitignore
	EndProjectSection
EndProject
Project("{FAE04EC0-301F-11D3-BF4B-00C04F79EFBC}") = "WC.Service.Registration.Domain", "src\WC.Service.Registration.Domain\WC.Service.Registration.Domain.csproj", "{2A8FE4D0-799A-4D60-8635-151756320D7E}"
EndProject
Project("{FAE04EC0-301F-11D3-BF4B-00C04F79EFBC}") = "WC.Service.Registration.Domain.Abstractions", "src\WC.Service.Registration.Domain.Abstractions\WC.Service.Registration.Domain.Abstractions.csproj", "{01D535C6-A843-4AF2-B068-06EB86FF7430}"
EndProject
Project("{FAE04EC0-301F-11D3-BF4B-00C04F79EFBC}") = "WC.Service.Registration.API", "src\WC.Service.Registration.API\WC.Service.Registration.API.csproj", "{55AB96EE-D96A-4577-BABF-96A5D1038DCE}"
EndProject
Project("{2150E333-8FDC-42A3-9474-1A3956D46DE8}") = "Testing", "Testing", "{D17F8818-E3D1-4ED2-9702-8DDB690F86C5}"
EndProject
Project("{FAE04EC0-301F-11D3-BF4B-00C04F79EFBC}") = "WC.Service.Registration.Domain.Tests", "src\WC.Service.Registration.Domain.Tests\WC.Service.Registration.Domain.Tests.csproj", "{8624ED67-A73F-48D0-9749-62B2F648CAAE}"
EndProject
Project("{FAE04EC0-301F-11D3-BF4B-00C04F79EFBC}") = "WC.Service.Registration.CreateAdmin", "src\WC.Service.Registration.CreateAdmin\WC.Service.Registration.CreateAdmin.csproj", "{431F45C5-8EDD-4B0C-A6BB-BE3B1CB12077}"
EndProject
Global
	GlobalSection(SolutionConfigurationPlatforms) = preSolution
		Debug|Any CPU = Debug|Any CPU
		Release|Any CPU = Release|Any CPU
	EndGlobalSection
	GlobalSection(ProjectConfigurationPlatforms) = postSolution
		{2A8FE4D0-799A-4D60-8635-151756320D7E}.Debug|Any CPU.ActiveCfg = Debug|Any CPU
		{2A8FE4D0-799A-4D60-8635-151756320D7E}.Debug|Any CPU.Build.0 = Debug|Any CPU
		{2A8FE4D0-799A-4D60-8635-151756320D7E}.Release|Any CPU.ActiveCfg = Release|Any CPU
		{2A8FE4D0-799A-4D60-8635-151756320D7E}.Release|Any CPU.Build.0 = Release|Any CPU
		{01D535C6-A843-4AF2-B068-06EB86FF7430}.Debug|Any CPU.ActiveCfg = Debug|Any CPU
		{01D535C6-A843-4AF2-B068-06EB86FF7430}.Debug|Any CPU.Build.0 = Debug|Any CPU
		{01D535C6-A843-4AF2-B068-06EB86FF7430}.Release|Any CPU.ActiveCfg = Release|Any CPU
		{01D535C6-A843-4AF2-B068-06EB86FF7430}.Release|Any CPU.Build.0 = Release|Any CPU
		{55AB96EE-D96A-4577-BABF-96A5D1038DCE}.Debug|Any CPU.ActiveCfg = Debug|Any CPU
		{55AB96EE-D96A-4577-BABF-96A5D1038DCE}.Debug|Any CPU.Build.0 = Debug|Any CPU
		{55AB96EE-D96A-4577-BABF-96A5D1038DCE}.Release|Any CPU.ActiveCfg = Release|Any CPU
		{55AB96EE-D96A-4577-BABF-96A5D1038DCE}.Release|Any CPU.Build.0 = Release|Any CPU
		{8624ED67-A73F-48D0-9749-62B2F648CAAE}.Debug|Any CPU.ActiveCfg = Debug|Any CPU
		{8624ED67-A73F-48D0-9749-62B2F648CAAE}.Debug|Any CPU.Build.0 = Debug|Any CPU
		{8624ED67-A73F-48D0-9749-62B2F648CAAE}.Release|Any CPU.ActiveCfg = Release|Any CPU
		{8624ED67-A73F-48D0-9749-62B2F648CAAE}.Release|Any CPU.Build.0 = Release|Any CPU
		{431F45C5-8EDD-4B0C-A6BB-BE3B1CB12077}.Debug|Any CPU.ActiveCfg = Debug|Any CPU
		{431F45C5-8EDD-4B0C-A6BB-BE3B1CB12077}.Debug|Any CPU.Build.0 = Debug|Any CPU
		{431F45C5-8EDD-4B0C-A6BB-BE3B1CB12077}.Release|Any CPU.ActiveCfg = Release|Any CPU
		{431F45C5-8EDD-4B0C-A6BB-BE3B1CB12077}.Release|Any CPU.Build.0 = Release|Any CPU
	EndGlobalSection
	GlobalSection(NestedProjects) = preSolution
		{8624ED67-A73F-48D0-9749-62B2F648CAAE} = {D17F8818-E3D1-4ED2-9702-8DDB690F86C5}
	EndGlobalSection
EndGlobal
