
Microsoft Visual Studio Solution File, Format Version 12.00
Project("{2150E333-8FDC-42A3-9474-1A3956D46DE8}") = "Solution Files", "Solution Files", "{E2B6AF70-7C82-4DCF-ABD7-64FD365BC4F4}"
	ProjectSection(SolutionItems) = preProject
		.editorconfig = .editorconfig
		.gitignore = .gitignore
	EndProjectSection
EndProject
Project("{FAE04EC0-301F-11D3-BF4B-00C04F79EFBC}") = "WC.Service.Registration.Domain", "src\WC.Service.Registration.Domain\WC.Service.Registration.Domain.csproj", "{2A8FE4D0-799A-4D60-8635-151756320D7E}"
EndProject
Project("{FAE04EC0-301F-11D3-BF4B-00C04F79EFBC}") = "WC.Service.Registration.Domain.Abstractions", "src\WC.Service.Registration.Domain.Abstractions\WC.Service.Registration.Domain.Abstractions.csproj", "{01D535C6-A843-4AF2-B068-06EB86FF7430}"
EndProject
Project("{FAE04EC0-301F-11D3-BF4B-00C04F79EFBC}") = "WC.Service.Registration.Data", "src\WC.Service.Registration.Data\WC.Service.Registration.Data.csproj", "{A49D670C-AB17-48B2-B412-86F26690C377}"
EndProject
Project("{FAE04EC0-301F-11D3-BF4B-00C04F79EFBC}") = "WC.Service.Registration.Data.PostgreSql", "src\WC.Service.Registration.Data.PostgreSql\WC.Service.Registration.Data.PostgreSql.csproj", "{E856CA76-F4F8-44DF-873B-99807203908A}"
EndProject
Project("{FAE04EC0-301F-11D3-BF4B-00C04F79EFBC}") = "WC.Service.Registration.Data.Abstractions", "src\WC.Service.Registration.Data.Abstractions\WC.Service.Registration.Data.Abstractions.csproj", "{03766FF4-894B-4CFA-BF6E-96030E421FA8}"
EndProject
Project("{FAE04EC0-301F-11D3-BF4B-00C04F79EFBC}") = "WC.Service.Registration.API", "src\WC.Service.Registration.API\WC.Service.Registration.API.csproj", "{5154F852-10B7-41B2-98FB-D190D358FB12}"
EndProject
Global
	GlobalSection(SolutionConfigurationPlatforms) = preSolution
		Debug|Any CPU = Debug|Any CPU
		Release|Any CPU = Release|Any CPU
	EndGlobalSection
	GlobalSection(ProjectConfigurationPlatforms) = postSolution
		{2A8FE4D0-799A-4D60-8635-151756320D7E}.Debug|Any CPU.ActiveCfg = Debug|Any CPU
		{2A8FE4D0-799A-4D60-8635-151756320D7E}.Debug|Any CPU.Build.0 = Debug|Any CPU
		{2A8FE4D0-799A-4D60-8635-151756320D7E}.Release|Any CPU.ActiveCfg = Release|Any CPU
		{2A8FE4D0-799A-4D60-8635-151756320D7E}.Release|Any CPU.Build.0 = Release|Any CPU
		{01D535C6-A843-4AF2-B068-06EB86FF7430}.Debug|Any CPU.ActiveCfg = Debug|Any CPU
		{01D535C6-A843-4AF2-B068-06EB86FF7430}.Debug|Any CPU.Build.0 = Debug|Any CPU
		{01D535C6-A843-4AF2-B068-06EB86FF7430}.Release|Any CPU.ActiveCfg = Release|Any CPU
		{01D535C6-A843-4AF2-B068-06EB86FF7430}.Release|Any CPU.Build.0 = Release|Any CPU
		{A49D670C-AB17-48B2-B412-86F26690C377}.Debug|Any CPU.ActiveCfg = Debug|Any CPU
		{A49D670C-AB17-48B2-B412-86F26690C377}.Debug|Any CPU.Build.0 = Debug|Any CPU
		{A49D670C-AB17-48B2-B412-86F26690C377}.Release|Any CPU.ActiveCfg = Release|Any CPU
		{A49D670C-AB17-48B2-B412-86F26690C377}.Release|Any CPU.Build.0 = Release|Any CPU
		{E856CA76-F4F8-44DF-873B-99807203908A}.Debug|Any CPU.ActiveCfg = Debug|Any CPU
		{E856CA76-F4F8-44DF-873B-99807203908A}.Debug|Any CPU.Build.0 = Debug|Any CPU
		{E856CA76-F4F8-44DF-873B-99807203908A}.Release|Any CPU.ActiveCfg = Release|Any CPU
		{E856CA76-F4F8-44DF-873B-99807203908A}.Release|Any CPU.Build.0 = Release|Any CPU
		{03766FF4-894B-4CFA-BF6E-96030E421FA8}.Debug|Any CPU.ActiveCfg = Debug|Any CPU
		{03766FF4-894B-4CFA-BF6E-96030E421FA8}.Debug|Any CPU.Build.0 = Debug|Any CPU
		{03766FF4-894B-4CFA-BF6E-96030E421FA8}.Release|Any CPU.ActiveCfg = Release|Any CPU
		{03766FF4-894B-4CFA-BF6E-96030E421FA8}.Release|Any CPU.Build.0 = Release|Any CPU
		{5154F852-10B7-41B2-98FB-D190D358FB12}.Debug|Any CPU.ActiveCfg = Debug|Any CPU
		{5154F852-10B7-41B2-98FB-D190D358FB12}.Debug|Any CPU.Build.0 = Debug|Any CPU
		{5154F852-10B7-41B2-98FB-D190D358FB12}.Release|Any CPU.ActiveCfg = Release|Any CPU
		{5154F852-10B7-41B2-98FB-D190D358FB12}.Release|Any CPU.Build.0 = Release|Any CPU
	EndGlobalSection
EndGlobal
